{
  "version": 4,
  "terraform_version": "1.3.3",
  "serial": 3,
  "lineage": "f38969cf-b4b3-2aff-0882-77e3e9ce6b0a",
  "outputs": {
    "domains": {
      "value": {
        "domain_name": "jembi.training",
        "node_domain_names": [
          "node-1.jembi.training",
          "node-2.jembi.training",
          "node-3.jembi.training",
          "node-4.jembi.training",
          "node-5.jembi.training"
        ],
        "subdomain": [
          "*.jembi.training"
        ]
      },
      "type": [
        "object",
        {
          "domain_name": "string",
          "node_domain_names": [
            "tuple",
            [
              "string",
              "string",
              "string",
              "string",
              "string"
            ]
          ],
          "subdomain": [
            "tuple",
            [
              "string"
            ]
          ]
        }
      ]
    }
  },
  "resources": [
    {
      "mode": "managed",
      "type": "aws_instance",
      "name": "platform_instance",
      "provider": "provider[\"registry.terraform.io/hashicorp/aws\"]",
      "instances": []
    },
    {
      "mode": "managed",
      "type": "aws_key_pair",
      "name": "key_pair",
      "provider": "provider[\"registry.terraform.io/hashicorp/aws\"]",
      "instances": [
        {
          "schema_version": 1,
          "attributes": {
            "arn": "arn:aws:ec2:af-south-1:167984017269:key-pair/JEMBI_FHIR_TRAINING_key_pair",
            "fingerprint": "bAF71SCJhm0Av3K0UodIg09qm9p9Ran/8Sy54ltLKaQ=",
            "id": "JEMBI_FHIR_TRAINING_key_pair",
            "key_name": "JEMBI_FHIR_TRAINING_key_pair",
            "key_name_prefix": "",
            "key_pair_id": "key-0d7dab3520ea48bb3",
            "key_type": "ed25519",
            "public_key": "ssh-ed25519 AAAAC3NzaC1lZDI1NTE5AAAAINGNVNlWwpQKVXPSngEOOdJjuCyVEQoBXv+nHqmcM6vW michael@DELL-MICHAELL",
            "tags": null,
            "tags_all": {}
          },
          "sensitive_attributes": [],
          "private": "eyJzY2hlbWFfdmVyc2lvbiI6IjEifQ=="
        }
      ]
    },
    {
      "mode": "managed",
      "type": "aws_route53_record",
      "name": "domain_name",
      "provider": "provider[\"registry.terraform.io/hashicorp/aws\"]",
      "instances": []
    },
    {
      "mode": "managed",
      "type": "aws_route53_record",
      "name": "node_domain_names",
      "provider": "provider[\"registry.terraform.io/hashicorp/aws\"]",
      "instances": []
    },
    {
      "mode": "managed",
      "type": "aws_route53_record",
      "name": "subdomain",
      "provider": "provider[\"registry.terraform.io/hashicorp/aws\"]",
      "instances": []
    }
  ],
  "check_results": []
}
